
Microsoft Visual Studio Solution File, Format Version 12.00
# Visual Studio Version 17
VisualStudioVersion = 17.14.36623.8
MinimumVisualStudioVersion = 10.0.40219.1
Project("{FAE04EC0-301F-11D3-BF4B-00C04F79EFBC}") = "Lec82_YumBlazor", "Lec82_YumBlazor.csproj", "{C150D83B-E497-45C6-A33F-39F66E2BBD69}"
EndProject
Global
	GlobalSection(SolutionConfigurationPlatforms) = preSolution
		Debug|Any CPU = Debug|Any CPU
		Release|Any CPU = Release|Any CPU
	EndGlobalSection
	GlobalSection(ProjectConfigurationPlatforms) = postSolution
		{C150D83B-E497-45C6-A33F-39F66E2BBD69}.Debug|Any CPU.ActiveCfg = Debug|Any CPU
		{C150D83B-E497-45C6-A33F-39F66E2BBD69}.Debug|Any CPU.Build.0 = Debug|Any CPU
		{C150D83B-E497-45C6-A33F-39F66E2BBD69}.Release|Any CPU.ActiveCfg = Release|Any CPU
		{C150D83B-E497-45C6-A33F-39F66E2BBD69}.Release|Any CPU.Build.0 = Release|Any CPU
	EndGlobalSection
	GlobalSection(SolutionProperties) = preSolution
		HideSolutionNode = FALSE
	EndGlobalSection
	GlobalSection(ExtensibilityGlobals) = postSolution
		SolutionGuid = {9211951E-F090-4561-BA6E-2688732280BC}
	EndGlobalSection
EndGlobal
